
Microsoft Visual Studio Solution File, Format Version 15.00
# Visual Studio 2017
Project("{FAE04EC0-301F-11D3-BF4B-00C04F79EFBC}") = "app", "app.csproj", "{8198BCC8-5B39-43D0-BED3-A1FDCD55A7DC}"
EndProject
Global
	GlobalSection(SolutionConfigurationPlatforms) = preSolution
		Debug|Any CPU = Debug|Any CPU
		Release|Any CPU = Release|Any CPU
	EndGlobalSection
	GlobalSection(ProjectConfigurationPlatforms) = postSolution
		{8198BCC8-5B39-43D0-BED3-A1FDCD55A7DC}.Debug|Any CPU.ActiveCfg = Debug|Any CPU
		{8198BCC8-5B39-43D0-BED3-A1FDCD55A7DC}.Debug|Any CPU.Build.0 = Debug|Any CPU
		{8198BCC8-5B39-43D0-BED3-A1FDCD55A7DC}.Release|Any CPU.ActiveCfg = Release|Any CPU
		{8198BCC8-5B39-43D0-BED3-A1FDCD55A7DC}.Release|Any CPU.Build.0 = Release|Any CPU
	EndGlobalSection
EndGlobal
